# This file is autogenerated, do not edit; changes may be undone by the next 'dep ensure'.


[[projects]]
  name = "github.com/mattn/go-sqlite3"
  packages = ["."]
  revision = "323a32be5a2421b8c7087225079c6c900ec397cd"
  version = "v1.7.0"

[[projects]]
  name = "github.com/op/go-logging"
  packages = ["."]
  revision = "b2cb9fa56473e98db8caba80237377e83fe44db5"
  version = "v1"

[solve-meta]
  analyzer-name = "dep"
  analyzer-version = 1
  inputs-digest = "b5d800930e7ffb34dcb59f5c959423c77404d7be377e3a7be7a07c9f06371642"
  solver-name = "gps-cdcl"
  solver-version = 1
